
Microsoft Visual Studio Solution File, Format Version 12.00
# Visual Studio Version 17
VisualStudioVersion = 17.14.36811.4 d17.14
MinimumVisualStudioVersion = 10.0.40219.1
Project("{8BC9CEB8-8B4A-11D0-8D11-00A0C91BC942}") = "CodeKata_Day15~", "CodeKata_Day15~\CodeKata_Day15~.vcxproj", "{D784AC5F-8083-4B82-AA10-CB28A448A64F}"
EndProject
Global
	GlobalSection(SolutionConfigurationPlatforms) = preSolution
		Debug|x64 = Debug|x64
		Debug|x86 = Debug|x86
		Release|x64 = Release|x64
		Release|x86 = Release|x86
	EndGlobalSection
	GlobalSection(ProjectConfigurationPlatforms) = postSolution
		{D784AC5F-8083-4B82-AA10-CB28A448A64F}.Debug|x64.ActiveCfg = Debug|x64
		{D784AC5F-8083-4B82-AA10-CB28A448A64F}.Debug|x64.Build.0 = Debug|x64
		{D784AC5F-8083-4B82-AA10-CB28A448A64F}.Debug|x86.ActiveCfg = Debug|Win32
		{D784AC5F-8083-4B82-AA10-CB28A448A64F}.Debug|x86.Build.0 = Debug|Win32
		{D784AC5F-8083-4B82-AA10-CB28A448A64F}.Release|x64.ActiveCfg = Release|x64
		{D784AC5F-8083-4B82-AA10-CB28A448A64F}.Release|x64.Build.0 = Release|x64
		{D784AC5F-8083-4B82-AA10-CB28A448A64F}.Release|x86.ActiveCfg = Release|Win32
		{D784AC5F-8083-4B82-AA10-CB28A448A64F}.Release|x86.Build.0 = Release|Win32
	EndGlobalSection
	GlobalSection(SolutionProperties) = preSolution
		HideSolutionNode = FALSE
	EndGlobalSection
	GlobalSection(ExtensibilityGlobals) = postSolution
		SolutionGuid = {B5F49A40-B751-46C6-AC9D-A960E31DDFF5}
	EndGlobalSection
EndGlobal
